PODS:
  - AFNetworking (4.0.1):
    - AFNetworking/NSURLSession (= 4.0.1)
    - AFNetworking/Reachability (= 4.0.1)
    - AFNetworking/Security (= 4.0.1)
    - AFNetworking/Serialization (= 4.0.1)
    - AFNetworking/UIKit (= 4.0.1)
  - AFNetworking/NSURLSession (4.0.1):
    - AFNetworking/Reachability
    - AFNetworking/Security
    - AFNetworking/Serialization
  - AFNetworking/Reachability (4.0.1)
  - AFNetworking/Security (4.0.1)
  - AFNetworking/Serialization (4.0.1)
  - AFNetworking/UIKit (4.0.1):
    - AFNetworking/NSURLSession
  - GNetworking (0.2.0):
    - AFNetworking
    - GNetworking/Config (= 0.2.0)
    - GNetworking/Encrypt (= 0.2.0)
    - GNetworking/Net (= 0.2.0)
  - GNetworking/Config (0.2.0):
    - AFNetworking
  - GNetworking/Encrypt (0.2.0):
    - AFNetworking
    - GNetworking/Config
  - GNetworking/Net (0.2.0):
    - AFNetworking
    - GNetworking/Config
    - GNetworking/Encrypt

DEPENDENCIES:
  - GNetworking (from `../`)

SPEC REPOS:
  trunk:
    - AFNetworking

EXTERNAL SOURCES:
  GNetworking:
    :path: "../"

SPEC CHECKSUMS:
  AFNetworking: 7864c38297c79aaca1500c33288e429c3451fdce
  GNetworking: 038ed7cde3f0ba890938460e9787cc10e920ecf1

PODFILE CHECKSUM: f1c20bb593c433714a97c09d105737d0e2fed50c

COCOAPODS: 1.9.3
